
Microsoft Visual Studio Solution File, Format Version 12.00
# Visual Studio Version 17
VisualStudioVersion = 17.14.36221.1 d17.14
MinimumVisualStudioVersion = 10.0.40219.1
Project("{FAE04EC0-301F-11D3-BF4B-00C04F79EFBC}") = "TermsManagerAPI", "TermsManagerAPI\TermsManagerAPI.csproj", "{8031DBBE-4B23-4056-A39B-88DC915A3B9E}"
EndProject
Global
	GlobalSection(SolutionConfigurationPlatforms) = preSolution
		Debug|Any CPU = Debug|Any CPU
		Release|Any CPU = Release|Any CPU
	EndGlobalSection
	GlobalSection(ProjectConfigurationPlatforms) = postSolution
		{8031DBBE-4B23-4056-A39B-88DC915A3B9E}.Debug|Any CPU.ActiveCfg = Debug|Any CPU
		{8031DBBE-4B23-4056-A39B-88DC915A3B9E}.Debug|Any CPU.Build.0 = Debug|Any CPU
		{8031DBBE-4B23-4056-A39B-88DC915A3B9E}.Release|Any CPU.ActiveCfg = Release|Any CPU
		{8031DBBE-4B23-4056-A39B-88DC915A3B9E}.Release|Any CPU.Build.0 = Release|Any CPU
	EndGlobalSection
	GlobalSection(SolutionProperties) = preSolution
		HideSolutionNode = FALSE
	EndGlobalSection
	GlobalSection(ExtensibilityGlobals) = postSolution
		SolutionGuid = {BEBACD11-D926-46B6-87DE-B36BA8BB8AAC}
	EndGlobalSection
EndGlobal
